
Microsoft Visual Studio Solution File, Format Version 12.00
# Visual Studio Version 16
VisualStudioVersion = 16.0.30011.22
MinimumVisualStudioVersion = 10.0.40219.1
Project("{FAE04EC0-301F-11D3-BF4B-00C04F79EFBC}") = "DigDes", "DigDes\DigDes.csproj", "{7E4E29B6-2959-4F1D-B569-C1F0EBE5A089}"
EndProject
Global
	GlobalSection(SolutionConfigurationPlatforms) = preSolution
		Debug|Any CPU = Debug|Any CPU
		Release|Any CPU = Release|Any CPU
	EndGlobalSection
	GlobalSection(ProjectConfigurationPlatforms) = postSolution
		{7E4E29B6-2959-4F1D-B569-C1F0EBE5A089}.Debug|Any CPU.ActiveCfg = Debug|Any CPU
		{7E4E29B6-2959-4F1D-B569-C1F0EBE5A089}.Debug|Any CPU.Build.0 = Debug|Any CPU
		{7E4E29B6-2959-4F1D-B569-C1F0EBE5A089}.Release|Any CPU.ActiveCfg = Release|Any CPU
		{7E4E29B6-2959-4F1D-B569-C1F0EBE5A089}.Release|Any CPU.Build.0 = Release|Any CPU
	EndGlobalSection
	GlobalSection(SolutionProperties) = preSolution
		HideSolutionNode = FALSE
	EndGlobalSection
	GlobalSection(ExtensibilityGlobals) = postSolution
		SolutionGuid = {C515B233-BAB5-44C3-AFE2-16E6DFCC999A}
	EndGlobalSection
EndGlobal
